// !$*UTF8*$!
{
	archiveVersion = 1;
	classes = {
	};
	objectVersion = 50;
	objects = {

/* Begin PBXBuildFile section */
		E5759A9D2455E40000F12A9D /* Extensions.swift in Sources */ = {isa = PBXBuildFile; fileRef = E5759A9C2455E40000F12A9D /* Extensions.swift */; };
		E5D0A5DD2444AC6B0086C113 /* App.swift in Sources */ = {isa = PBXBuildFile; fileRef = E5D0A5DC2444AC6B0086C113 /* App.swift */; };
		E5D0A5E22444AC6B0086C113 /* NoseDown.xcdatamodeld in Sources */ = {isa = PBXBuildFile; fileRef = E5D0A5E02444AC6B0086C113 /* NoseDown.xcdatamodeld */; };
		E5D0A5E62444AC710086C113 /* Assets.xcassets in Resources */ = {isa = PBXBuildFile; fileRef = E5D0A5E52444AC710086C113 /* Assets.xcassets */; };
		E5D0A5E92444AC710086C113 /* Preview Assets.xcassets in Resources */ = {isa = PBXBuildFile; fileRef = E5D0A5E82444AC710086C113 /* Preview Assets.xcassets */; };
		E5D0A5EC2444AC710086C113 /* LaunchScreen.storyboard in Resources */ = {isa = PBXBuildFile; fileRef = E5D0A5EA2444AC710086C113 /* LaunchScreen.storyboard */; };
		E5D0A5F72444AC710086C113 /* NoseDownTests.swift in Sources */ = {isa = PBXBuildFile; fileRef = E5D0A5F62444AC710086C113 /* NoseDownTests.swift */; };
/* End PBXBuildFile section */

/* Begin PBXContainerItemProxy section */
		E5D0A5F32444AC710086C113 /* PBXContainerItemProxy */ = {
			isa = PBXContainerItemProxy;
			containerPortal = E5D0A5D12444AC6B0086C113 /* Project object */;
			proxyType = 1;
			remoteGlobalIDString = E5D0A5D82444AC6B0086C113;
			remoteInfo = NoseDown;
		};
/* End PBXContainerItemProxy section */

/* Begin PBXFileReference section */
		E5759A9C2455E40000F12A9D /* Extensions.swift */ = {isa = PBXFileReference; lastKnownFileType = sourcecode.swift; path = Extensions.swift; sourceTree = "<group>"; };
		E5D0A5D92444AC6B0086C113 /* Keep It 100.app */ = {isa = PBXFileReference; explicitFileType = wrapper.application; includeInIndex = 0; path = "Keep It 100.app"; sourceTree = BUILT_PRODUCTS_DIR; };
		E5D0A5DC2444AC6B0086C113 /* App.swift */ = {isa = PBXFileReference; lastKnownFileType = sourcecode.swift; path = App.swift; sourceTree = "<group>"; };
		E5D0A5E12444AC6B0086C113 /* NoseDown.xcdatamodel */ = {isa = PBXFileReference; lastKnownFileType = wrapper.xcdatamodel; path = NoseDown.xcdatamodel; sourceTree = "<group>"; };
		E5D0A5E52444AC710086C113 /* Assets.xcassets */ = {isa = PBXFileReference; lastKnownFileType = folder.assetcatalog; path = Assets.xcassets; sourceTree = "<group>"; };
		E5D0A5E82444AC710086C113 /* Preview Assets.xcassets */ = {isa = PBXFileReference; lastKnownFileType = folder.assetcatalog; path = "Preview Assets.xcassets"; sourceTree = "<group>"; };
		E5D0A5EB2444AC710086C113 /* Base */ = {isa = PBXFileReference; lastKnownFileType = file.storyboard; name = Base; path = Base.lproj/LaunchScreen.storyboard; sourceTree = "<group>"; };
		E5D0A5ED2444AC710086C113 /* Info.plist */ = {isa = PBXFileReference; lastKnownFileType = text.plist.xml; path = Info.plist; sourceTree = "<group>"; };
		E5D0A5F22444AC710086C113 /* NoseDownTests.xctest */ = {isa = PBXFileReference; explicitFileType = wrapper.cfbundle; includeInIndex = 0; path = NoseDownTests.xctest; sourceTree = BUILT_PRODUCTS_DIR; };
		E5D0A5F62444AC710086C113 /* NoseDownTests.swift */ = {isa = PBXFileReference; lastKnownFileType = sourcecode.swift; path = NoseDownTests.swift; sourceTree = "<group>"; };
		E5D0A5F82444AC710086C113 /* Info.plist */ = {isa = PBXFileReference; lastKnownFileType = text.plist.xml; path = Info.plist; sourceTree = "<group>"; };
/* End PBXFileReference section */

/* Begin PBXFrameworksBuildPhase section */
		E5D0A5D62444AC6B0086C113 /* Frameworks */ = {
			isa = PBXFrameworksBuildPhase;
			buildActionMask = 2147483647;
			files = (
			);
			runOnlyForDeploymentPostprocessing = 0;
		};
		E5D0A5EF2444AC710086C113 /* Frameworks */ = {
			isa = PBXFrameworksBuildPhase;
			buildActionMask = 2147483647;
			files = (
			);
			runOnlyForDeploymentPostprocessing = 0;
		};
/* End PBXFrameworksBuildPhase section */

/* Begin PBXGroup section */
		E5D0A5D02444AC6B0086C113 = {
			isa = PBXGroup;
			children = (
				E5D0A5DB2444AC6B0086C113 /* NoseDown */,
				E5D0A5F52444AC710086C113 /* NoseDownTests */,
				E5D0A5DA2444AC6B0086C113 /* Products */,
			);
			sourceTree = "<group>";
		};
		E5D0A5DA2444AC6B0086C113 /* Products */ = {
			isa = PBXGroup;
			children = (
				E5D0A5D92444AC6B0086C113 /* Keep It 100.app */,
				E5D0A5F22444AC710086C113 /* NoseDownTests.xctest */,
			);
			name = Products;
			sourceTree = "<group>";
		};
		E5D0A5DB2444AC6B0086C113 /* NoseDown */ = {
			isa = PBXGroup;
			children = (
				E5D0A5DC2444AC6B0086C113 /* App.swift */,
				E5759A9C2455E40000F12A9D /* Extensions.swift */,
				E5D0A5E52444AC710086C113 /* Assets.xcassets */,
				E5D0A5EA2444AC710086C113 /* LaunchScreen.storyboard */,
				E5D0A5ED2444AC710086C113 /* Info.plist */,
				E5D0A5E02444AC6B0086C113 /* NoseDown.xcdatamodeld */,
				E5D0A5E72444AC710086C113 /* Preview Content */,
			);
			path = NoseDown;
			sourceTree = "<group>";
		};
		E5D0A5E72444AC710086C113 /* Preview Content */ = {
			isa = PBXGroup;
			children = (
				E5D0A5E82444AC710086C113 /* Preview Assets.xcassets */,
			);
			path = "Preview Content";
			sourceTree = "<group>";
		};
		E5D0A5F52444AC710086C113 /* NoseDownTests */ = {
			isa = PBXGroup;
			children = (
				E5D0A5F62444AC710086C113 /* NoseDownTests.swift */,
				E5D0A5F82444AC710086C113 /* Info.plist */,
			);
			path = NoseDownTests;
			sourceTree = "<group>";
		};
/* End PBXGroup section */

/* Begin PBXNativeTarget section */
		E5D0A5D82444AC6B0086C113 /* NoseDown */ = {
			isa = PBXNativeTarget;
			buildConfigurationList = E5D0A5FB2444AC710086C113 /* Build configuration list for PBXNativeTarget "NoseDown" */;
			buildPhases = (
				E5D0A5D52444AC6B0086C113 /* Sources */,
				E5D0A5D62444AC6B0086C113 /* Frameworks */,
				E5D0A5D72444AC6B0086C113 /* Resources */,
			);
			buildRules = (
			);
			dependencies = (
			);
			name = NoseDown;
			productName = NoseDown;
			productReference = E5D0A5D92444AC6B0086C113 /* Keep It 100.app */;
			productType = "com.apple.product-type.application";
		};
		E5D0A5F12444AC710086C113 /* NoseDownTests */ = {
			isa = PBXNativeTarget;
			buildConfigurationList = E5D0A5FE2444AC710086C113 /* Build configuration list for PBXNativeTarget "NoseDownTests" */;
			buildPhases = (
				E5D0A5EE2444AC710086C113 /* Sources */,
				E5D0A5EF2444AC710086C113 /* Frameworks */,
				E5D0A5F02444AC710086C113 /* Resources */,
			);
			buildRules = (
			);
			dependencies = (
				E5D0A5F42444AC710086C113 /* PBXTargetDependency */,
			);
			name = NoseDownTests;
			productName = NoseDownTests;
			productReference = E5D0A5F22444AC710086C113 /* NoseDownTests.xctest */;
			productType = "com.apple.product-type.bundle.unit-test";
		};
/* End PBXNativeTarget section */

/* Begin PBXProject section */
		E5D0A5D12444AC6B0086C113 /* Project object */ = {
			isa = PBXProject;
			attributes = {
				LastSwiftUpdateCheck = 1140;
				LastUpgradeCheck = 1140;
				ORGANIZATIONNAME = "Raul Sulaimanov";
				TargetAttributes = {
					E5D0A5D82444AC6B0086C113 = {
						CreatedOnToolsVersion = 11.4;
					};
					E5D0A5F12444AC710086C113 = {
						CreatedOnToolsVersion = 11.4;
						TestTargetID = E5D0A5D82444AC6B0086C113;
					};
				};
			};
			buildConfigurationList = E5D0A5D42444AC6B0086C113 /* Build configuration list for PBXProject "NoseDown" */;
			compatibilityVersion = "Xcode 9.3";
			developmentRegion = en;
			hasScannedForEncodings = 0;
			knownRegions = (
				en,
				Base,
			);
			mainGroup = E5D0A5D02444AC6B0086C113;
			productRefGroup = E5D0A5DA2444AC6B0086C113 /* Products */;
			projectDirPath = "";
			projectRoot = "";
			targets = (
				E5D0A5D82444AC6B0086C113 /* NoseDown */,
				E5D0A5F12444AC710086C113 /* NoseDownTests */,
			);
		};
/* End PBXProject section */

/* Begin PBXResourcesBuildPhase section */
		E5D0A5D72444AC6B0086C113 /* Resources */ = {
			isa = PBXResourcesBuildPhase;
			buildActionMask = 2147483647;
			files = (
				E5D0A5EC2444AC710086C113 /* LaunchScreen.storyboard in Resources */,
				E5D0A5E92444AC710086C113 /* Preview Assets.xcassets in Resources */,
				E5D0A5E62444AC710086C113 /* Assets.xcassets in Resources */,
			);
			runOnlyForDeploymentPostprocessing = 0;
		};
		E5D0A5F02444AC710086C113 /* Resources */ = {
			isa = PBXResourcesBuildPhase;
			buildActionMask = 2147483647;
			files = (
			);
			runOnlyForDeploymentPostprocessing = 0;
		};
/* End PBXResourcesBuildPhase section */

/* Begin PBXSourcesBuildPhase section */
		E5D0A5D52444AC6B0086C113 /* Sources */ = {
			isa = PBXSourcesBuildPhase;
			buildActionMask = 2147483647;
			files = (
				E5D0A5DD2444AC6B0086C113 /* App.swift in Sources */,
				E5759A9D2455E40000F12A9D /* Extensions.swift in Sources */,
				E5D0A5E22444AC6B0086C113 /* NoseDown.xcdatamodeld in Sources */,
			);
			runOnlyForDeploymentPostprocessing = 0;
		};
		E5D0A5EE2444AC710086C113 /* Sources */ = {
			isa = PBXSourcesBuildPhase;
			buildActionMask = 2147483647;
			files = (
				E5D0A5F72444AC710086C113 /* NoseDownTests.swift in Sources */,
			);
			runOnlyForDeploymentPostprocessing = 0;
		};
/* End PBXSourcesBuildPhase section */

/* Begin PBXTargetDependency section */
		E5D0A5F42444AC710086C113 /* PBXTargetDependency */ = {
			isa = PBXTargetDependency;
			target = E5D0A5D82444AC6B0086C113 /* NoseDown */;
			targetProxy = E5D0A5F32444AC710086C113 /* PBXContainerItemProxy */;
		};
/* End PBXTargetDependency section */

/* Begin PBXVariantGroup section */
		E5D0A5EA2444AC710086C113 /* LaunchScreen.storyboard */ = {
			isa = PBXVariantGroup;
			children = (
				E5D0A5EB2444AC710086C113 /* Base */,
			);
			name = LaunchScreen.storyboard;
			sourceTree = "<group>";
		};
/* End PBXVariantGroup section */

/* Begin XCBuildConfiguration section */
		E5D0A5F92444AC710086C113 /* Debug */ = {
			isa = XCBuildConfiguration;
			buildSettings = {
				ALWAYS_SEARCH_USER_PATHS = NO;
				CLANG_ANALYZER_NONNULL = YES;
				CLANG_ANALYZER_NUMBER_OBJECT_CONVERSION = YES_AGGRESSIVE;
				CLANG_CXX_LANGUAGE_STANDARD = "gnu++14";
				CLANG_CXX_LIBRARY = "libc++";
				CLANG_ENABLE_MODULES = YES;
				CLANG_ENABLE_OBJC_ARC = YES;
				CLANG_ENABLE_OBJC_WEAK = YES;
				CLANG_WARN_BLOCK_CAPTURE_AUTORELEASING = YES;
				CLANG_WARN_BOOL_CONVERSION = YES;
				CLANG_WARN_COMMA = YES;
				CLANG_WARN_CONSTANT_CONVERSION = YES;
				CLANG_WARN_DEPRECATED_OBJC_IMPLEMENTATIONS = YES;
				CLANG_WARN_DIRECT_OBJC_ISA_USAGE = YES_ERROR;
				CLANG_WARN_DOCUMENTATION_COMMENTS = YES;
				CLANG_WARN_EMPTY_BODY = YES;
				CLANG_WARN_ENUM_CONVERSION = YES;
				CLANG_WARN_INFINITE_RECURSION = YES;
				CLANG_WARN_INT_CONVERSION = YES;
				CLANG_WARN_NON_LITERAL_NULL_CONVERSION = YES;
				CLANG_WARN_OBJC_IMPLICIT_RETAIN_SELF = YES;
				CLANG_WARN_OBJC_LITERAL_CONVERSION = YES;
				CLANG_WARN_OBJC_ROOT_CLASS = YES_ERROR;
				CLANG_WARN_RANGE_LOOP_ANALYSIS = YES;
				CLANG_WARN_STRICT_PROTOTYPES = YES;
				CLANG_WARN_SUSPICIOUS_MOVE = YES;
				CLANG_WARN_UNGUARDED_AVAILABILITY = YES_AGGRESSIVE;
				CLANG_WARN_UNREACHABLE_CODE = YES;
				CLANG_WARN__DUPLICATE_METHOD_MATCH = YES;
				COPY_PHASE_STRIP = NO;
				DEBUG_INFORMATION_FORMAT = dwarf;
				ENABLE_STRICT_OBJC_MSGSEND = YES;
				ENABLE_TESTABILITY = YES;
				GCC_C_LANGUAGE_STANDARD = gnu11;
				GCC_DYNAMIC_NO_PIC = NO;
				GCC_NO_COMMON_BLOCKS = YES;
				GCC_OPTIMIZATION_LEVEL = 0;
				GCC_PREPROCESSOR_DEFINITIONS = (
					"DEBUG=1",
					"$(inherited)",
				);
				GCC_WARN_64_TO_32_BIT_CONVERSION = YES;
				GCC_WARN_ABOUT_RETURN_TYPE = YES_ERROR;
				GCC_WARN_UNDECLARED_SELECTOR = YES;
				GCC_WARN_UNINITIALIZED_AUTOS = YES_AGGRESSIVE;
				GCC_WARN_UNUSED_FUNCTION = YES;
				GCC_WARN_UNUSED_VARIABLE = YES;
				IPHONEOS_DEPLOYMENT_TARGET = 13.4;
				MTL_ENABLE_DEBUG_INFO = INCLUDE_SOURCE;
				MTL_FAST_MATH = YES;
				ONLY_ACTIVE_ARCH = YES;
				SDKROOT = iphoneos;
				SWIFT_ACTIVE_COMPILATION_CONDITIONS = DEBUG;
				SWIFT_OPTIMIZATION_LEVEL = "-Onone";
			};
			name = Debug;
		};
		E5D0A5FA2444AC710086C113 /* Release */ = {
			isa = XCBuildConfiguration;
			buildSettings = {
				ALWAYS_SEARCH_USER_PATHS = NO;
				CLANG_ANALYZER_NONNULL = YES;
				CLANG_ANALYZER_NUMBER_OBJECT_CONVERSION = YES_AGGRESSIVE;
				CLANG_CXX_LANGUAGE_STANDARD = "gnu++14";
				CLANG_CXX_LIBRARY = "libc++";
				CLANG_ENABLE_MODULES = YES;
				CLANG_ENABLE_OBJC_ARC = YES;
				CLANG_ENABLE_OBJC_WEAK = YES;
				CLANG_WARN_BLOCK_CAPTURE_AUTORELEASING = YES;
				CLANG_WARN_BOOL_CONVERSION = YES;
				CLANG_WARN_COMMA = YES;
				CLANG_WARN_CONSTANT_CONVERSION = YES;
				CLANG_WARN_DEPRECATED_OBJC_IMPLEMENTATIONS = YES;
				CLANG_WARN_DIRECT_OBJC_ISA_USAGE = YES_ERROR;
				CLANG_WARN_DOCUMENTATION_COMMENTS = YES;
				CLANG_WARN_EMPTY_BODY = YES;
				CLANG_WARN_ENUM_CONVERSION = YES;
				CLANG_WARN_INFINITE_RECURSION = YES;
				CLANG_WARN_INT_CONVERSION = YES;
				CLANG_WARN_NON_LITERAL_NULL_CONVERSION = YES;
				CLANG_WARN_OBJC_IMPLICIT_RETAIN_SELF = YES;
				CLANG_WARN_OBJC_LITERAL_CONVERSION = YES;
				CLANG_WARN_OBJC_ROOT_CLASS = YES_ERROR;
				CLANG_WARN_RANGE_LOOP_ANALYSIS = YES;
				CLANG_WARN_STRICT_PROTOTYPES = YES;
				CLANG_WARN_SUSPICIOUS_MOVE = YES;
				CLANG_WARN_UNGUARDED_AVAILABILITY = YES_AGGRESSIVE;
				CLANG_WARN_UNREACHABLE_CODE = YES;
				CLANG_WARN__DUPLICATE_METHOD_MATCH = YES;
				COPY_PHASE_STRIP = NO;
				DEBUG_INFORMATION_FORMAT = "dwarf-with-dsym";
				ENABLE_NS_ASSERTIONS = NO;
				ENABLE_STRICT_OBJC_MSGSEND = YES;
				GCC_C_LANGUAGE_STANDARD = gnu11;
				GCC_NO_COMMON_BLOCKS = YES;
				GCC_WARN_64_TO_32_BIT_CONVERSION = YES;
				GCC_WARN_ABOUT_RETURN_TYPE = YES_ERROR;
				GCC_WARN_UNDECLARED_SELECTOR = YES;
				GCC_WARN_UNINITIALIZED_AUTOS = YES_AGGRESSIVE;
				GCC_WARN_UNUSED_FUNCTION = YES;
				GCC_WARN_UNUSED_VARIABLE = YES;
				IPHONEOS_DEPLOYMENT_TARGET = 13.4;
				MTL_ENABLE_DEBUG_INFO = NO;
				MTL_FAST_MATH = YES;
				SDKROOT = iphoneos;
				SWIFT_COMPILATION_MODE = wholemodule;
				SWIFT_OPTIMIZATION_LEVEL = "-O";
				VALIDATE_PRODUCT = YES;
			};
			name = Release;
		};
		E5D0A5FC2444AC710086C113 /* Debug */ = {
			isa = XCBuildConfiguration;
			buildSettings = {
				ASSETCATALOG_COMPILER_APPICON_NAME = AppIcon;
				CODE_SIGN_STYLE = Automatic;
				DEVELOPMENT_ASSET_PATHS = "\"NoseDown/Preview Content\"";
				DEVELOPMENT_TEAM = H39V5K2H38;
				ENABLE_PREVIEWS = YES;
				INFOPLIST_FILE = NoseDown/Info.plist;
				LD_RUNPATH_SEARCH_PATHS = (
					"$(inherited)",
					"@executable_path/Frameworks",
				);
				PRODUCT_BUNDLE_IDENTIFIER = com.RaulSulaimanov.NoseDown;
				PRODUCT_NAME = "Keep It 100";
				SWIFT_VERSION = 5.0;
				TARGETED_DEVICE_FAMILY = "1,2";
			};
			name = Debug;
		};
		E5D0A5FD2444AC710086C113 /* Release */ = {
			isa = XCBuildConfiguration;
			buildSettings = {
				ASSETCATALOG_COMPILER_APPICON_NAME = AppIcon;
				CODE_SIGN_STYLE = Automatic;
				DEVELOPMENT_ASSET_PATHS = "\"NoseDown/Preview Content\"";
				DEVELOPMENT_TEAM = H39V5K2H38;
				ENABLE_PREVIEWS = YES;
				INFOPLIST_FILE = NoseDown/Info.plist;
				LD_RUNPATH_SEARCH_PATHS = (
					"$(inherited)",
					"@executable_path/Frameworks",
				);
				PRODUCT_BUNDLE_IDENTIFIER = com.RaulSulaimanov.NoseDown;
				PRODUCT_NAME = "Keep It 100";
				SWIFT_VERSION = 5.0;
				TARGETED_DEVICE_FAMILY = "1,2";
			};
			name = Release;
		};
		E5D0A5FF2444AC710086C113 /* Debug */ = {
			isa = XCBuildConfiguration;
			buildSettings = {
				ALWAYS_EMBED_SWIFT_STANDARD_LIBRARIES = YES;
				BUNDLE_LOADER = "$(TEST_HOST)";
				CODE_SIGN_STYLE = Automatic;
				DEVELOPMENT_TEAM = H39V5K2H38;
				INFOPLIST_FILE = NoseDownTests/Info.plist;
				IPHONEOS_DEPLOYMENT_TARGET = 13.4;
				LD_RUNPATH_SEARCH_PATHS = (
					"$(inherited)",
					"@executable_path/Frameworks",
					"@loader_path/Frameworks",
				);
				PRODUCT_BUNDLE_IDENTIFIER = com.RaulSulaimanov.NoseDownTests;
				PRODUCT_NAME = "$(TARGET_NAME)";
				SWIFT_VERSION = 5.0;
				TARGETED_DEVICE_FAMILY = "1,2";
				TEST_HOST = "$(BUILT_PRODUCTS_DIR)/NoseDown.app/NoseDown";
			};
			name = Debug;
		};
		E5D0A6002444AC710086C113 /* Release */ = {
			isa = XCBuildConfiguration;
			buildSettings = {
				ALWAYS_EMBED_SWIFT_STANDARD_LIBRARIES = YES;
				BUNDLE_LOADER = "$(TEST_HOST)";
				CODE_SIGN_STYLE = Automatic;
				DEVELOPMENT_TEAM = H39V5K2H38;
				INFOPLIST_FILE = NoseDownTests/Info.plist;
				IPHONEOS_DEPLOYMENT_TARGET = 13.4;
				LD_RUNPATH_SEARCH_PATHS = (
					"$(inherited)",
					"@executable_path/Frameworks",
					"@loader_path/Frameworks",
				);
				PRODUCT_BUNDLE_IDENTIFIER = com.RaulSulaimanov.NoseDownTests;
				PRODUCT_NAME = "$(TARGET_NAME)";
				SWIFT_VERSION = 5.0;
				TARGETED_DEVICE_FAMILY = "1,2";
				TEST_HOST = "$(BUILT_PRODUCTS_DIR)/NoseDown.app/NoseDown";
			};
			name = Release;
		};
/* End XCBuildConfiguration section */

/* Begin XCConfigurationList section */
		E5D0A5D42444AC6B0086C113 /* Build configuration list for PBXProject "NoseDown" */ = {
			isa = XCConfigurationList;
			buildConfigurations = (
				E5D0A5F92444AC710086C113 /* Debug */,
				E5D0A5FA2444AC710086C113 /* Release */,
			);
			defaultConfigurationIsVisible = 0;
			defaultConfigurationName = Release;
		};
		E5D0A5FB2444AC710086C113 /* Build configuration list for PBXNativeTarget "NoseDown" */ = {
			isa = XCConfigurationList;
			buildConfigurations = (
				E5D0A5FC2444AC710086C113 /* Debug */,
				E5D0A5FD2444AC710086C113 /* Release */,
			);
			defaultConfigurationIsVisible = 0;
			defaultConfigurationName = Release;
		};
		E5D0A5FE2444AC710086C113 /* Build configuration list for PBXNativeTarget "NoseDownTests" */ = {
			isa = XCConfigurationList;
			buildConfigurations = (
				E5D0A5FF2444AC710086C113 /* Debug */,
				E5D0A6002444AC710086C113 /* Release */,
			);
			defaultConfigurationIsVisible = 0;
			defaultConfigurationName = Release;
		};
/* End XCConfigurationList section */

/* Begin XCVersionGroup section */
		E5D0A5E02444AC6B0086C113 /* NoseDown.xcdatamodeld */ = {
			isa = XCVersionGroup;
			children = (
				E5D0A5E12444AC6B0086C113 /* NoseDown.xcdatamodel */,
			);
			currentVersion = E5D0A5E12444AC6B0086C113 /* NoseDown.xcdatamodel */;
			path = NoseDown.xcdatamodeld;
			sourceTree = "<group>";
			versionGroupType = wrapper.xcdatamodel;
		};
/* End XCVersionGroup section */
	};
	rootObject = E5D0A5D12444AC6B0086C113 /* Project object */;
}
